
Microsoft Visual Studio Solution File, Format Version 12.00
# Visual Studio Version 17
VisualStudioVersion = 17.9.34902.65
MinimumVisualStudioVersion = 10.0.40219.1
Project("{FAE04EC0-301F-11D3-BF4B-00C04F79EFBC}") = "crmAutoService", "crmAutoService\crmAutoService.csproj", "{65DF300F-29A0-4485-8704-FCFBAEC3872D}"
EndProject
Project("{2150E333-8FDC-42A3-9474-1A3956D46DE8}") = "Элементы решения", "Элементы решения", "{C2D39FDF-2B6E-4173-BA4E-AE953B5E1EF9}"
	ProjectSection(SolutionItems) = preProject
		config.txt = config.txt
	EndProjectSection
EndProject
Global
	GlobalSection(SolutionConfigurationPlatforms) = preSolution
		Debug|Any CPU = Debug|Any CPU
		Release|Any CPU = Release|Any CPU
	EndGlobalSection
	GlobalSection(ProjectConfigurationPlatforms) = postSolution
		{65DF300F-29A0-4485-8704-FCFBAEC3872D}.Debug|Any CPU.ActiveCfg = Debug|Any CPU
		{65DF300F-29A0-4485-8704-FCFBAEC3872D}.Debug|Any CPU.Build.0 = Debug|Any CPU
		{65DF300F-29A0-4485-8704-FCFBAEC3872D}.Release|Any CPU.ActiveCfg = Release|Any CPU
		{65DF300F-29A0-4485-8704-FCFBAEC3872D}.Release|Any CPU.Build.0 = Release|Any CPU
	EndGlobalSection
	GlobalSection(SolutionProperties) = preSolution
		HideSolutionNode = FALSE
	EndGlobalSection
	GlobalSection(ExtensibilityGlobals) = postSolution
		SolutionGuid = {1481069E-913A-49E5-8C39-9E661DFAD4F7}
	EndGlobalSection
EndGlobal
